
Microsoft Visual Studio Solution File, Format Version 12.00
# Visual Studio Version 17
VisualStudioVersion = 17.6.33815.320
MinimumVisualStudioVersion = 10.0.40219.1
Project("{9A19103F-16F7-4668-BE54-9A1E7A4F7556}") = "ExamClient", "ExamClient\ExamClient.csproj", "{CF987BE5-1A1E-4E52-911B-550EA80B0C3D}"
EndProject
Project("{FAE04EC0-301F-11D3-BF4B-00C04F79EFBC}") = "ExamModels", "ExamModels\ExamModels.csproj", "{618DB64D-6A9F-48D4-8720-5BAD84B32C73}"
EndProject
Project("{FAE04EC0-301F-11D3-BF4B-00C04F79EFBC}") = "ExamConsole", "ExamConsole\ExamConsole.csproj", "{6D487D8B-E0EE-4E39-8E45-DF2F37B42792}"
EndProject
Global
	GlobalSection(SolutionConfigurationPlatforms) = preSolution
		Debug|Any CPU = Debug|Any CPU
		Release|Any CPU = Release|Any CPU
	EndGlobalSection
	GlobalSection(ProjectConfigurationPlatforms) = postSolution
		{CF987BE5-1A1E-4E52-911B-550EA80B0C3D}.Debug|Any CPU.ActiveCfg = Debug|Any CPU
		{CF987BE5-1A1E-4E52-911B-550EA80B0C3D}.Debug|Any CPU.Build.0 = Debug|Any CPU
		{CF987BE5-1A1E-4E52-911B-550EA80B0C3D}.Debug|Any CPU.Deploy.0 = Debug|Any CPU
		{CF987BE5-1A1E-4E52-911B-550EA80B0C3D}.Release|Any CPU.ActiveCfg = Release|Any CPU
		{CF987BE5-1A1E-4E52-911B-550EA80B0C3D}.Release|Any CPU.Build.0 = Release|Any CPU
		{CF987BE5-1A1E-4E52-911B-550EA80B0C3D}.Release|Any CPU.Deploy.0 = Release|Any CPU
		{618DB64D-6A9F-48D4-8720-5BAD84B32C73}.Debug|Any CPU.ActiveCfg = Debug|Any CPU
		{618DB64D-6A9F-48D4-8720-5BAD84B32C73}.Debug|Any CPU.Build.0 = Debug|Any CPU
		{618DB64D-6A9F-48D4-8720-5BAD84B32C73}.Release|Any CPU.ActiveCfg = Release|Any CPU
		{618DB64D-6A9F-48D4-8720-5BAD84B32C73}.Release|Any CPU.Build.0 = Release|Any CPU
		{6D487D8B-E0EE-4E39-8E45-DF2F37B42792}.Debug|Any CPU.ActiveCfg = Debug|Any CPU
		{6D487D8B-E0EE-4E39-8E45-DF2F37B42792}.Debug|Any CPU.Build.0 = Debug|Any CPU
		{6D487D8B-E0EE-4E39-8E45-DF2F37B42792}.Release|Any CPU.ActiveCfg = Release|Any CPU
		{6D487D8B-E0EE-4E39-8E45-DF2F37B42792}.Release|Any CPU.Build.0 = Release|Any CPU
	EndGlobalSection
	GlobalSection(SolutionProperties) = preSolution
		HideSolutionNode = FALSE
	EndGlobalSection
	GlobalSection(ExtensibilityGlobals) = postSolution
		SolutionGuid = {3C0A93F5-0ACC-4BEA-A3FE-88227E594DF8}
	EndGlobalSection
EndGlobal
